
Microsoft Visual Studio Solution File, Format Version 11.00
# Visual Studio 2010
Project("{F088123C-0E9E-452A-89E6-6BA2F21D5CAC}") = "CTEM-Modeling", "CTEM-Modeling\CTEM-Modeling.modelproj", "{6969CEB3-C4B1-4545-A88B-6F76A683AEC7}"
EndProject
Global
	GlobalSection(SolutionConfigurationPlatforms) = preSolution
		Debug|Any CPU = Debug|Any CPU
		Release|Any CPU = Release|Any CPU
	EndGlobalSection
	GlobalSection(ProjectConfigurationPlatforms) = postSolution
		{6969CEB3-C4B1-4545-A88B-6F76A683AEC7}.Debug|Any CPU.ActiveCfg = Debug|Any CPU
		{6969CEB3-C4B1-4545-A88B-6F76A683AEC7}.Debug|Any CPU.Build.0 = Debug|Any CPU
		{6969CEB3-C4B1-4545-A88B-6F76A683AEC7}.Release|Any CPU.ActiveCfg = Release|Any CPU
		{6969CEB3-C4B1-4545-A88B-6F76A683AEC7}.Release|Any CPU.Build.0 = Release|Any CPU
	EndGlobalSection
	GlobalSection(SolutionProperties) = preSolution
		HideSolutionNode = FALSE
	EndGlobalSection
EndGlobal
